
Microsoft Visual Studio Solution File, Format Version 12.00
# Visual Studio 2013
VisualStudioVersion = 12.0.40629.0
MinimumVisualStudioVersion = 10.0.40219.1
Project("{8BC9CEB8-8B4A-11D0-8D11-00A0C91BC942}") = "Patch", "Patch\Patch.vcxproj", "{0F3B3345-9627-4EC5-AEAB-E8E3C2624E02}"
EndProject
Global
	GlobalSection(SolutionConfigurationPlatforms) = preSolution
		Debug|Win32 = Debug|Win32
		Release|Win32 = Release|Win32
	EndGlobalSection
	GlobalSection(ProjectConfigurationPlatforms) = postSolution
		{0F3B3345-9627-4EC5-AEAB-E8E3C2624E02}.Debug|Win32.ActiveCfg = Debug|Win32
		{0F3B3345-9627-4EC5-AEAB-E8E3C2624E02}.Debug|Win32.Build.0 = Debug|Win32
		{0F3B3345-9627-4EC5-AEAB-E8E3C2624E02}.Release|Win32.ActiveCfg = Release|Win32
		{0F3B3345-9627-4EC5-AEAB-E8E3C2624E02}.Release|Win32.Build.0 = Release|Win32
	EndGlobalSection
	GlobalSection(SolutionProperties) = preSolution
		HideSolutionNode = FALSE
	EndGlobalSection
EndGlobal
